{
  "name": "ampath-poc-releasing",
  "version": "1.0.0-SNAPSHOT",
  "lockfileVersion": 1,
  "requires": true,
  "dependencies": {
    "@ampath-kenya/packmap": {
      "version": "1.2.0-beta.1",
      "resolved": "https://registry.npmjs.org/@ampath-kenya/packmap/-/packmap-1.2.0-beta.1.tgz",
      "integrity": "sha512-ou/r9Afc3c8MbwWwR5XFsNo5o8CXtHlvG6JafgsRPK51lGB8Tu4lbS0s1JrSEl3AWfxIVgiKlHKe7BGfX7ZAZg==",
      "dev": true,
      "requires": {
        "commander": "^3.0.2",
        "fs-extra": "^8.1.0",
        "sort-object-keys": "^1.1.2"
      }
    },
    "@babel/runtime": {
      "version": "7.8.3",
      "resolved": "https://registry.npmjs.org/@babel/runtime/-/runtime-7.8.3.tgz",
      "integrity": "sha512-fVHx1rzEmwB130VTkLnxR+HmxcTjGzH12LYQcFFoBwakMd3aOMD4OsRN7tGG/UOYE2ektgFrS8uACAoRk1CY0w==",
      "requires": {
        "regenerator-runtime": "^0.13.2"
      }
    },
    "@openmrs/esm-api": {
      "version": "1.2.2",
      "resolved": "https://registry.npmjs.org/@openmrs/esm-api/-/esm-api-1.2.2.tgz",
      "integrity": "sha512-FBsrOMp5TP2kgVsdPtz7k/M20MEW0cyQBuJfncbCmQasQrjaVrV3wHmDH6UMm3uvdy15RUITHXQ8WWwpKndhpA==",
      "requires": {
        "@openmrs/esm-error-handling": "^1.1.0",
        "@openmrs/esm-module-config": "^1.1.0",
        "@types/fhir": "0.0.31",
        "react": "^16.11.0",
        "single-spa": "^4.4.1"
      }
    },
    "@openmrs/esm-devtools": {
      "version": "1.1.0",
      "resolved": "https://registry.npmjs.org/@openmrs/esm-devtools/-/esm-devtools-1.1.0.tgz",
      "integrity": "sha512-XWj0dvtlf3K73KJZkCHuKGCnSV15UcewmBDAgAclHMWPZsWADVEzBVQt8jYUL0tTnZZI2kwnejIa/at0yGgawQ==",
      "requires": {
        "@types/react": "^16.9.2",
        "@types/react-dom": "^16.9.0",
        "@types/single-spa-react": "^2.8.3",
        "@types/systemjs": "^0.20.6",
        "react": "^16.9.0",
        "react-dom": "^16.9.0"
      }
    },
    "@openmrs/esm-error-handling": {
      "version": "1.1.0",
      "resolved": "https://registry.npmjs.org/@openmrs/esm-error-handling/-/esm-error-handling-1.1.0.tgz",
      "integrity": "sha512-ECRu/omOXTfRBE44ZXG5kRvvssUsAP8SZL2V7a2jHZQ9l/rHq9x/mzlD6EUEmZoID3fE2OaXKPHRIH3GmJPfZQ==",
      "requires": {
        "@openmrs/esm-styleguide": "^1.1.0"
      }
    },
    "@openmrs/esm-home": {
      "version": "1.0.0",
      "resolved": "https://registry.npmjs.org/@openmrs/esm-home/-/esm-home-1.0.0.tgz",
      "integrity": "sha512-FjYaByyRcwvFNrYLzMK4J49YRwHWt9+rJaoMJ/hdTFwqM09gKItUeYrgf58gBMfO5BvMnDsjtWMPbtQmQq/NnQ==",
      "requires": {
        "@openmrs/esm-api": "^1.0.3",
        "@types/react-router": "^5.0.3",
        "react": "^16.9.0",
        "react-dom": "^16.9.0"
      }
    },
    "@openmrs/esm-login": {
      "version": "1.3.0",
      "resolved": "https://registry.npmjs.org/@openmrs/esm-login/-/esm-login-1.3.0.tgz",
      "integrity": "sha512-m9Jj5fevHidS7NMmKyZHAshExkXhh27j7Kp4gb2K5PECk6gnEPdlybl9JDWse9ow1OgHRkobedsuz2kbaIHrBw==",
      "requires": {
        "@openmrs/esm-api": "^1.2.2",
        "@openmrs/esm-error-handling": "^1.1.0",
        "@openmrs/esm-module-config": "^1.0.0",
        "@types/react": "^16.8.25",
        "@types/react-dom": "^16.8.5",
        "@types/systemjs": "^6.1.0",
        "@types/webpack-env": "^1.14.1",
        "react": "^16.11.0",
        "react-dom": "^16.8.6",
        "rxjs": "^6.5.3"
      },
      "dependencies": {
        "@types/systemjs": {
          "version": "6.1.0",
          "resolved": "https://registry.npmjs.org/@types/systemjs/-/systemjs-6.1.0.tgz",
          "integrity": "sha512-akhlviqwowzRNiz3ooAbkjvyMO8cikBqap9z/0yfvMAb6vIsp91Rfox67qtgIhZosWP01MVSTwsgSFYWo4SWQA=="
        }
      }
    },
    "@openmrs/esm-module-config": {
      "version": "1.1.1",
      "resolved": "https://registry.npmjs.org/@openmrs/esm-module-config/-/esm-module-config-1.1.1.tgz",
      "integrity": "sha512-iTrwFEVvJPtGNToyTMYk7M9MgLmskhf7eqxvz2lf8LJlnwUoIx7AiJlhikiGgUnd5nvQyWa/symi78sP2P3BlA==",
      "requires": {
        "@types/react": "^16.9.11",
        "react": "^16.8.0",
        "react-dom": "^16.11.0"
      }
    },
    "@openmrs/esm-primary-navigation": {
      "version": "1.0.0",
      "resolved": "https://registry.npmjs.org/@openmrs/esm-primary-navigation/-/esm-primary-navigation-1.0.0.tgz",
      "integrity": "sha512-B0ydDVXT06rwt+poBWtPQF9PWUFgtoZnQNRaFSR7Jl26iviEW4NhCNRdMbOqLE+uH3YMkG/cN/fiChOYr5rPEA==",
      "requires": {
        "@openmrs/esm-api": "^1.0.3",
        "react": "^16.9.0",
        "react-dom": "^16.9.0",
        "rxjs": "^6.5.3"
      }
    },
    "@openmrs/esm-root-config": {
      "version": "1.2.0",
      "resolved": "https://registry.npmjs.org/@openmrs/esm-root-config/-/esm-root-config-1.2.0.tgz",
      "integrity": "sha512-LPF6BvK6SKjf6nzA3pfY7JOQajHFD4N5+A4Cp8O9xRcPbVf5+tGhFA5uZbu94jTiDHJO7OKdQUpYOdDrEah8Ag==",
      "requires": {
        "i18next": "^19.0.0",
        "react-i18next": "^11.2.1",
        "single-spa": "^4.4.1"
      }
    },
    "@openmrs/esm-styleguide": {
      "version": "1.2.0",
      "resolved": "https://registry.npmjs.org/@openmrs/esm-styleguide/-/esm-styleguide-1.2.0.tgz",
      "integrity": "sha512-fuCpBA5z+a4a7DZkXBaCJNfyM1dymmgN0zJVQVPj46+vJ6FNYr2Zn0kPLbXm4Q2U3BBZMTMbh8HKIleBRVCXIA=="
    },
    "@types/fhir": {
      "version": "0.0.31",
      "resolved": "https://registry.npmjs.org/@types/fhir/-/fhir-0.0.31.tgz",
      "integrity": "sha512-YF6+X+hMYLvNGB5r8LxGKPMrSqqFkyLefTQZ/8bAnr0XW8Xc2Mgf8OJ06+cj1b5ftJoeLblHpIYgKdhXdFAzrw=="
    },
    "@types/history": {
      "version": "4.7.4",
      "resolved": "https://registry.npmjs.org/@types/history/-/history-4.7.4.tgz",
      "integrity": "sha512-+o2igcuZA3xtOoFH56s+MCZVidwlJNcJID57DSCyawS2i910yG9vkwehCjJNZ6ImhCR5S9DbvIJKyYHcMyOfMw=="
    },
    "@types/prop-types": {
      "version": "15.7.3",
      "resolved": "https://registry.npmjs.org/@types/prop-types/-/prop-types-15.7.3.tgz",
      "integrity": "sha512-KfRL3PuHmqQLOG+2tGpRO26Ctg+Cq1E01D2DMriKEATHgWLfeNDmq9e29Q9WIky0dQ3NPkd1mzYH8Lm936Z9qw=="
    },
    "@types/react": {
      "version": "16.9.19",
      "resolved": "https://registry.npmjs.org/@types/react/-/react-16.9.19.tgz",
      "integrity": "sha512-LJV97//H+zqKWMms0kvxaKYJDG05U2TtQB3chRLF8MPNs+MQh/H1aGlyDUxjaHvu08EAGerdX2z4LTBc7ns77A==",
      "requires": {
        "@types/prop-types": "*",
        "csstype": "^2.2.0"
      }
    },
    "@types/react-dom": {
      "version": "16.9.5",
      "resolved": "https://registry.npmjs.org/@types/react-dom/-/react-dom-16.9.5.tgz",
      "integrity": "sha512-BX6RQ8s9D+2/gDhxrj8OW+YD4R+8hj7FEM/OJHGNR0KipE1h1mSsf39YeyC81qafkq+N3rU3h3RFbLSwE5VqUg==",
      "requires": {
        "@types/react": "*"
      }
    },
    "@types/react-router": {
      "version": "5.1.4",
      "resolved": "https://registry.npmjs.org/@types/react-router/-/react-router-5.1.4.tgz",
      "integrity": "sha512-PZtnBuyfL07sqCJvGg3z+0+kt6fobc/xmle08jBiezLS8FrmGeiGkJnuxL/8Zgy9L83ypUhniV5atZn/L8n9MQ==",
      "requires": {
        "@types/history": "*",
        "@types/react": "*"
      }
    },
    "@types/single-spa-react": {
      "version": "2.8.3",
      "resolved": "https://registry.npmjs.org/@types/single-spa-react/-/single-spa-react-2.8.3.tgz",
      "integrity": "sha512-2F2xc0HUzuWAtsrJR3E3vy9dDDQObDv6YqBynPpIz85m5RY6+I4lr3pv93k0uv0nMK2NtHp/cspou4Pj0lEaaQ==",
      "requires": {
        "@types/react": "*",
        "@types/react-dom": "*"
      }
    },
    "@types/systemjs": {
      "version": "0.20.7",
      "resolved": "https://registry.npmjs.org/@types/systemjs/-/systemjs-0.20.7.tgz",
      "integrity": "sha512-sCMqKfN5KEacy+cLfNOV66EYAs7a2c4m/Z86Ph81Anzj39/A0Tij8bVjlvAnwRgdC1pOewNhIDFQV0peZ9/K1w=="
    },
    "@types/webpack-env": {
      "version": "1.15.0",
      "resolved": "https://registry.npmjs.org/@types/webpack-env/-/webpack-env-1.15.0.tgz",
      "integrity": "sha512-TfcyNecCz8Z9/s90gBOBniyzZrTru8u2Vp0VZODq4KEBaQu8bfXvu7o/KUOecMpzjbFPUA7aqgSq628Iue5BQg=="
    },
    "commander": {
      "version": "3.0.2",
      "resolved": "https://registry.npmjs.org/commander/-/commander-3.0.2.tgz",
      "integrity": "sha512-Gar0ASD4BDyKC4hl4DwHqDrmvjoxWKZigVnAbn5H1owvm4CxCPdb0HQDehwNYMJpla5+M2tPmPARzhtYuwpHow==",
      "dev": true
    },
    "csstype": {
      "version": "2.6.8",
      "resolved": "https://registry.npmjs.org/csstype/-/csstype-2.6.8.tgz",
      "integrity": "sha512-msVS9qTuMT5zwAGCVm4mxfrZ18BNc6Csd0oJAtiFMZ1FAx1CCvy2+5MDmYoix63LM/6NDbNtodCiGYGmFgO0dA=="
    },
    "fs-extra": {
      "version": "8.1.0",
      "resolved": "https://registry.npmjs.org/fs-extra/-/fs-extra-8.1.0.tgz",
      "integrity": "sha512-yhlQgA6mnOJUKOsRUFsgJdQCvkKhcz8tlZG5HBQfReYZy46OwLcY+Zia0mtdHsOo9y/hP+CxMN0TU9QxoOtG4g==",
      "dev": true,
      "requires": {
        "graceful-fs": "^4.2.0",
        "jsonfile": "^4.0.0",
        "universalify": "^0.1.0"
      }
    },
    "graceful-fs": {
      "version": "4.2.3",
      "resolved": "https://registry.npmjs.org/graceful-fs/-/graceful-fs-4.2.3.tgz",
      "integrity": "sha512-a30VEBm4PEdx1dRB7MFK7BejejvCvBronbLjht+sHuGYj8PHs7M/5Z+rt5lw551vZ7yfTCj4Vuyy3mSJytDWRQ==",
      "dev": true
    },
    "html-parse-stringify2": {
      "version": "2.0.1",
      "resolved": "https://registry.npmjs.org/html-parse-stringify2/-/html-parse-stringify2-2.0.1.tgz",
      "integrity": "sha1-3FZwtyksoVi3vJFsmmc1rIhyg0o=",
      "requires": {
        "void-elements": "^2.0.1"
      }
    },
    "i18next": {
      "version": "19.1.0",
      "resolved": "https://registry.npmjs.org/i18next/-/i18next-19.1.0.tgz",
      "integrity": "sha512-ISbmukX4L6Dz0QoH9+EW1AnBw7j+NRLoMu9uLPMaNSSTP9Eie9/oUL0dOyWX15baB3gYOpkHJpGZRHOqcnl0ew==",
      "requires": {
        "@babel/runtime": "^7.3.1"
      }
    },
    "import-map-overrides": {
      "version": "1.8.0",
      "resolved": "https://registry.npmjs.org/import-map-overrides/-/import-map-overrides-1.8.0.tgz",
      "integrity": "sha512-cWFaSbSRdwrIcNpcmqpMgwAxYjXhCG1tJrevn80ODknC3l3wmQe0rvwfg+3J6yi+aQpXBBHAEyIEXfWKupg1RQ=="
    },
    "js-tokens": {
      "version": "4.0.0",
      "resolved": "https://registry.npmjs.org/js-tokens/-/js-tokens-4.0.0.tgz",
      "integrity": "sha512-RdJUflcE3cUzKiMqQgsCu06FPu9UdIJO0beYbPhHN4k6apgJtifcoCtT9bcxOpYBtpD2kCM6Sbzg4CausW/PKQ=="
    },
    "jsonfile": {
      "version": "4.0.0",
      "resolved": "https://registry.npmjs.org/jsonfile/-/jsonfile-4.0.0.tgz",
      "integrity": "sha1-h3Gq4HmbZAdrdmQPygWPnBDjPss=",
      "dev": true,
      "requires": {
        "graceful-fs": "^4.1.6"
      }
    },
    "loose-envify": {
      "version": "1.4.0",
      "resolved": "https://registry.npmjs.org/loose-envify/-/loose-envify-1.4.0.tgz",
      "integrity": "sha512-lyuxPGr/Wfhrlem2CL/UcnUc1zcqKAImBDzukY7Y5F/yQiNdko6+fRLevlw1HgMySw7f611UIY408EtxRSoK3Q==",
      "requires": {
        "js-tokens": "^3.0.0 || ^4.0.0"
      }
    },
    "object-assign": {
      "version": "4.1.1",
      "resolved": "https://registry.npmjs.org/object-assign/-/object-assign-4.1.1.tgz",
      "integrity": "sha1-IQmtx5ZYh8/AXLvUQsrIv7s2CGM="
    },
    "prop-types": {
      "version": "15.7.2",
      "resolved": "https://registry.npmjs.org/prop-types/-/prop-types-15.7.2.tgz",
      "integrity": "sha512-8QQikdH7//R2vurIJSutZ1smHYTcLpRWEOlHnzcWHmBYrOGUysKwSsrC89BCiFj3CbrfJ/nXFdJepOVrY1GCHQ==",
      "requires": {
        "loose-envify": "^1.4.0",
        "object-assign": "^4.1.1",
        "react-is": "^16.8.1"
      }
    },
    "react": {
      "version": "16.12.0",
      "resolved": "https://registry.npmjs.org/react/-/react-16.12.0.tgz",
      "integrity": "sha512-fglqy3k5E+81pA8s+7K0/T3DBCF0ZDOher1elBFzF7O6arXJgzyu/FW+COxFvAWXJoJN9KIZbT2LXlukwphYTA==",
      "requires": {
        "loose-envify": "^1.1.0",
        "object-assign": "^4.1.1",
        "prop-types": "^15.6.2"
      }
    },
    "react-dom": {
      "version": "16.12.0",
      "resolved": "https://registry.npmjs.org/react-dom/-/react-dom-16.12.0.tgz",
      "integrity": "sha512-LMxFfAGrcS3kETtQaCkTKjMiifahaMySFDn71fZUNpPHZQEzmk/GiAeIT8JSOrHB23fnuCOMruL2a8NYlw+8Gw==",
      "requires": {
        "loose-envify": "^1.1.0",
        "object-assign": "^4.1.1",
        "prop-types": "^15.6.2",
        "scheduler": "^0.18.0"
      }
    },
    "react-i18next": {
      "version": "11.3.1",
      "resolved": "https://registry.npmjs.org/react-i18next/-/react-i18next-11.3.1.tgz",
      "integrity": "sha512-S/CWHcnew1lXo8HeniGhBU5kTmPhZ4w4rtA4m/gDN07soCtKKYSAcLNm7zhwjI2OSR4Skd0vOtzNp/FzEEjxIw==",
      "requires": {
        "@babel/runtime": "^7.3.1",
        "html-parse-stringify2": "2.0.1"
      }
    },
    "react-is": {
      "version": "16.12.0",
      "resolved": "https://registry.npmjs.org/react-is/-/react-is-16.12.0.tgz",
      "integrity": "sha512-rPCkf/mWBtKc97aLL9/txD8DZdemK0vkA3JMLShjlJB3Pj3s+lpf1KaBzMfQrAmhMQB0n1cU/SUGgKKBCe837Q=="
    },
    "regenerator-runtime": {
      "version": "0.13.3",
      "resolved": "https://registry.npmjs.org/regenerator-runtime/-/regenerator-runtime-0.13.3.tgz",
      "integrity": "sha512-naKIZz2GQ8JWh///G7L3X6LaQUAMp2lvb1rvwwsURe/VXwD6VMfr+/1NuNw3ag8v2kY1aQ/go5SNn79O9JU7yw=="
    },
    "rxjs": {
      "version": "6.5.4",
      "resolved": "https://registry.npmjs.org/rxjs/-/rxjs-6.5.4.tgz",
      "integrity": "sha512-naMQXcgEo3csAEGvw/NydRA0fuS2nDZJiw1YUWFKU7aPPAPGZEsD4Iimit96qwCieH6y614MCLYwdkrWx7z/7Q==",
      "requires": {
        "tslib": "^1.9.0"
      }
    },
    "scheduler": {
      "version": "0.18.0",
      "resolved": "https://registry.npmjs.org/scheduler/-/scheduler-0.18.0.tgz",
      "integrity": "sha512-agTSHR1Nbfi6ulI0kYNK0203joW2Y5W4po4l+v03tOoiJKpTBbxpNhWDvqc/4IcOw+KLmSiQLTasZ4cab2/UWQ==",
      "requires": {
        "loose-envify": "^1.1.0",
        "object-assign": "^4.1.1"
      }
    },
    "single-spa": {
      "version": "4.4.3",
      "resolved": "https://registry.npmjs.org/single-spa/-/single-spa-4.4.3.tgz",
      "integrity": "sha512-xpbCMrA3TtzJkjiq6zwxZQTqBTWtUrq4IDZWT+tOba+FgbFSrvCDCmHhadxDO9fm3JBuyELvKoS8qD73gUIh9Q=="
    },
    "sort-object-keys": {
      "version": "1.1.3",
      "resolved": "https://registry.npmjs.org/sort-object-keys/-/sort-object-keys-1.1.3.tgz",
      "integrity": "sha512-855pvK+VkU7PaKYPc+Jjnmt4EzejQHyhhF33q31qG8x7maDzkeFhAAThdCYay11CISO+qAMwjOBP+fPZe0IPyg==",
      "dev": true
    },
    "systemjs": {
      "version": "6.1.1",
      "resolved": "https://registry.npmjs.org/systemjs/-/systemjs-6.1.1.tgz",
      "integrity": "sha512-R1YeS6gvfBHRboezVrKzZoOSL4BzpU4XOI3OG0G0YAU7UEaOW2UhwmV8n/YVxzMjDNy76QO3ONIA+sxW8bMcQA=="
    },
    "tslib": {
      "version": "1.10.0",
      "resolved": "https://registry.npmjs.org/tslib/-/tslib-1.10.0.tgz",
      "integrity": "sha512-qOebF53frne81cf0S9B41ByenJ3/IuH8yJKngAX35CmiZySA0khhkovshKK+jGCaMnVomla7gVlIcc3EvKPbTQ=="
    },
    "universalify": {
      "version": "0.1.2",
      "resolved": "https://registry.npmjs.org/universalify/-/universalify-0.1.2.tgz",
      "integrity": "sha512-rBJeI5CXAlmy1pV+617WB9J63U6XcazHHF2f2dbJix4XzpUF0RS3Zbj0FGIOCAva5P/d/GBOYaACQ1w+0azUkg==",
      "dev": true
    },
    "void-elements": {
      "version": "2.0.1",
      "resolved": "https://registry.npmjs.org/void-elements/-/void-elements-2.0.1.tgz",
      "integrity": "sha1-wGavtYK7HLQSjWDqkjkulNXp2+w="
    }
  }
}
